
Microsoft Visual Studio Solution File, Format Version 12.00
# Visual Studio Version 17
VisualStudioVersion = 17.14.36414.22
MinimumVisualStudioVersion = 10.0.40219.1
Project("{FAE04EC0-301F-11D3-BF4B-00C04F79EFBC}") = "Deploy.Cachorro.Api", "Deploy.Cachorro.Api\Deploy.Cachorro.Api.csproj", "{12013DBB-BABF-40DE-9B32-822812872D83}"
EndProject
Project("{FAE04EC0-301F-11D3-BF4B-00C04F79EFBC}") = "Deploy.Cachorro.Domain", "Deploy.Cachorro.Domain\Deploy.Cachorro.Domain.csproj", "{99A45CD6-D2BC-4476-A1D5-306256363E14}"
EndProject
Global
	GlobalSection(SolutionConfigurationPlatforms) = preSolution
		Debug|Any CPU = Debug|Any CPU
		Release|Any CPU = Release|Any CPU
	EndGlobalSection
	GlobalSection(ProjectConfigurationPlatforms) = postSolution
		{12013DBB-BABF-40DE-9B32-822812872D83}.Debug|Any CPU.ActiveCfg = Debug|Any CPU
		{12013DBB-BABF-40DE-9B32-822812872D83}.Debug|Any CPU.Build.0 = Debug|Any CPU
		{12013DBB-BABF-40DE-9B32-822812872D83}.Release|Any CPU.ActiveCfg = Release|Any CPU
		{12013DBB-BABF-40DE-9B32-822812872D83}.Release|Any CPU.Build.0 = Release|Any CPU
		{99A45CD6-D2BC-4476-A1D5-306256363E14}.Debug|Any CPU.ActiveCfg = Debug|Any CPU
		{99A45CD6-D2BC-4476-A1D5-306256363E14}.Debug|Any CPU.Build.0 = Debug|Any CPU
		{99A45CD6-D2BC-4476-A1D5-306256363E14}.Release|Any CPU.ActiveCfg = Release|Any CPU
		{99A45CD6-D2BC-4476-A1D5-306256363E14}.Release|Any CPU.Build.0 = Release|Any CPU
	EndGlobalSection
	GlobalSection(SolutionProperties) = preSolution
		HideSolutionNode = FALSE
	EndGlobalSection
	GlobalSection(ExtensibilityGlobals) = postSolution
		SolutionGuid = {48AD6722-75A3-4811-AA2B-5872A0CC6907}
	EndGlobalSection
EndGlobal
